{
  "name": "test-repo-govind",
  "version": "1.0.2",
  "lockfileVersion": 1,
  "requires": true,
  "dependencies": {
    "@samverschueren/stream-to-observable": {
      "version": "0.3.1",
      "requires": {
        "any-observable": "^0.3.0"
      },
      "dependencies": {
        "any-observable": {
          "version": "0.3.0",
          "resolved": "https://registry.npmjs.org/any-observable/-/any-observable-0.3.0.tgz",
          "integrity": "sha512-/FQM1EDkTsf63Ub2C6O7GuYFDsSXUwsaZDurV0np41ocwq0jthUAYCmhBX9f+KwlaCgIuWyr/4WlUQUBfKfZog=="
        }
      }
    },
    "any-observable": {
      "version": "0.5.1"
    },
    "camelcase": {
      "version": "4.1.0",
      "resolved": "https://registry.npmjs.org/camelcase/-/camelcase-4.1.0.tgz",
      "integrity": "sha1-1UVjW+HjPFQmScaRc+Xeas+uNN0="
    },
    "infobox-parser": {
      "version": "3.4.1",
      "resolved": "https://registry.npmjs.org/infobox-parser/-/infobox-parser-3.4.1.tgz",
      "integrity": "sha512-TjpQoCcCs1oO2+8NW9JO/8Fk1r5PbKnifyCCcchNBNi5+FCgO1ZDmIi/SIDE+B4p+b5ItgyCSHjI/BMSDtZvOA==",
      "requires": {
        "camelcase": "^4.1.0"
      }
    },
    "node-fetch": {
      "version": "2.6.1",
      "resolved": "https://registry.npmjs.org/node-fetch/-/node-fetch-2.6.1.tgz",
      "integrity": "sha512-V4aYg89jEoVRxRb2fJdAg8FHvI7cEyYdVAh94HH0UIK8oJxUfkjlDQN9RbMx+bEjP7+ggMiFRprSti032Oipxw=="
    },
    "pingman": {
      "version": "1.1.1",
      "resolved": "https://registry.npmjs.org/pingman/-/pingman-1.1.1.tgz",
      "integrity": "sha512-3cSc9y0NDPnxgH5xXKIvEryAVTPzXrW1/V1b1iYEt9aANPjZr2vvbTFXrtEnUvJpEZxSM/5pW2rd0cCFqmpJMg=="
    },
    "wikipedia": {
      "version": "1.0.0",
      "resolved": "https://registry.npmjs.org/wikipedia/-/wikipedia-1.0.0.tgz",
      "integrity": "sha512-GaBZjrk1IPRMv7gEPzR3/VXribcns3UWllOOwYXAz66np+GBhVWfZq2Eq9lBaWzXMy6tEGwQG4ImK0mO5wPzrA==",
      "requires": {
        "infobox-parser": "^3.4.1",
        "node-fetch": "^2.6.1"
      }
    }
  }
}
