{
  "name": "test-repo-govind",
  "version": "1.1.2-2",
  "lockfileVersion": 2,
  "requires": true,
  "packages": {
    "": {
      "name": "test-repo-govind",
      "version": "1.1.2-2",
      "license": "ISC",
      "dependencies": {
        "@samverschueren/stream-to-observable": "^0.3.1",
        "any-observable": "^0.5.1",
        "csv-parser": "^3.0.0",
        "node-base64-img": "^1.0.0",
        "pingman": "^1.1.1",
        "wikipedia": "^1.0.0"
      }
    },
    "node_modules/@samverschueren/stream-to-observable": {
      "version": "0.3.1",
      "resolved": "https://registry.npmjs.org/@samverschueren/stream-to-observable/-/stream-to-observable-0.3.1.tgz",
      "integrity": "sha512-c/qwwcHyafOQuVQJj0IlBjf5yYgBI7YPJ77k4fOJYesb41jio65eaJODRUmfYKhTOFBrIZ66kgvGPlNbjuoRdQ==",
      "dependencies": {
        "any-observable": "^0.3.0"
      },
      "engines": {
        "node": ">=6"
      },
      "peerDependenciesMeta": {
        "rxjs": {
          "optional": true
        },
        "zen-observable": {
          "optional": true
        }
      }
    },
    "node_modules/@samverschueren/stream-to-observable/node_modules/any-observable": {
      "version": "0.3.0",
      "resolved": "https://registry.npmjs.org/any-observable/-/any-observable-0.3.0.tgz",
      "integrity": "sha512-/FQM1EDkTsf63Ub2C6O7GuYFDsSXUwsaZDurV0np41ocwq0jthUAYCmhBX9f+KwlaCgIuWyr/4WlUQUBfKfZog==",
      "engines": {
        "node": ">=6"
      }
    },
    "node_modules/any-observable": {
      "version": "0.5.1",
      "resolved": "https://registry.npmjs.org/any-observable/-/any-observable-0.5.1.tgz",
      "integrity": "sha512-8zv01bgDOp9PTmRTNCAHTw64TFP2rvlX4LvtNJLachaXY+AjmIvLT47fABNPCiIe89hKiSCo2n5zmPqI9CElPA==",
      "engines": {
        "node": ">=8"
      },
      "funding": {
        "url": "https://github.com/sponsors/sindresorhus"
      },
      "peerDependenciesMeta": {
        "rxjs": {
          "optional": true
        },
        "zen-observable": {
          "optional": true
        }
      }
    },
    "node_modules/camelcase": {
      "version": "4.1.0",
      "integrity": "sha512-FxAv7HpHrXbh3aPo4o2qxHay2lkLY3x5Mw3KeE4KQE8ysVfziWeRZDwcjauvwBSGEC/nXUPzZy8zeh4HokqOnw==",
      "engines": {
        "node": ">=4"
      }
    },
    "node_modules/csv-parser": {
      "version": "3.0.0",
      "resolved": "https://registry.npmjs.org/csv-parser/-/csv-parser-3.0.0.tgz",
      "integrity": "sha512-s6OYSXAK3IdKqYO33y09jhypG/bSDHPuyCme/IdEHfWpLf/jKcpitVFyOC6UemgGk8v7Q5u2XE0vvwmanxhGlQ==",
      "dependencies": {
        "minimist": "^1.2.0"
      },
      "bin": {
        "csv-parser": "bin/csv-parser"
      },
      "engines": {
        "node": ">= 10"
      }
    },
    "node_modules/infobox-parser": {
      "version": "3.4.1",
      "integrity": "sha512-TjpQoCcCs1oO2+8NW9JO/8Fk1r5PbKnifyCCcchNBNi5+FCgO1ZDmIi/SIDE+B4p+b5ItgyCSHjI/BMSDtZvOA==",
      "dependencies": {
        "camelcase": "^4.1.0"
      }
    },
    "node_modules/minimist": {
      "version": "1.2.8",
      "resolved": "https://registry.npmjs.org/minimist/-/minimist-1.2.8.tgz",
      "integrity": "sha512-2yyAR8qBkN3YuheJanUpWC5U3bb5osDywNB8RzDVlDwDHbocAJveqqj1u8+SVD7jkWT4yvsHCpWqqWqAxb0zCA==",
      "funding": {
        "url": "https://github.com/sponsors/ljharb"
      }
    },
    "node_modules/node-base64-img": {
      "version": "1.0.1",
      "resolved": "https://registry.npmjs.org/node-base64-img/-/node-base64-img-1.0.1.tgz",
      "integrity": "sha512-YzE++WThvbbnflaUzVB0ZhxfqdlAciNYvp3qnTO9yNafEplv8jg0z9aE4/hqeYTK+Oik/tE/a93EbvRM2tTh1g==",
      "dependencies": {
        "node-fetch": "^2.6.1"
      },
      "engines": {
        "node": ">=10"
      }
    },
    "node_modules/node-fetch": {
      "version": "2.6.1",
      "integrity": "sha512-V4aYg89jEoVRxRb2fJdAg8FHvI7cEyYdVAh94HH0UIK8oJxUfkjlDQN9RbMx+bEjP7+ggMiFRprSti032Oipxw==",
      "engines": {
        "node": "4.x || >=6.0.0"
      }
    },
    "node_modules/pingman": {
      "version": "1.1.1",
      "integrity": "sha512-3cSc9y0NDPnxgH5xXKIvEryAVTPzXrW1/V1b1iYEt9aANPjZr2vvbTFXrtEnUvJpEZxSM/5pW2rd0cCFqmpJMg==",
      "engines": {
        "node": ">=10"
      }
    },
    "node_modules/wikipedia": {
      "version": "1.0.0",
      "integrity": "sha512-GaBZjrk1IPRMv7gEPzR3/VXribcns3UWllOOwYXAz66np+GBhVWfZq2Eq9lBaWzXMy6tEGwQG4ImK0mO5wPzrA==",
      "dependencies": {
        "infobox-parser": "^3.4.1",
        "node-fetch": "^2.6.1"
      },
      "engines": {
        "node": ">=10"
      }
    }
  },
  "dependencies": {
    "@samverschueren/stream-to-observable": {
      "version": "0.3.1",
      "resolved": "https://registry.npmjs.org/@samverschueren/stream-to-observable/-/stream-to-observable-0.3.1.tgz",
      "integrity": "sha512-c/qwwcHyafOQuVQJj0IlBjf5yYgBI7YPJ77k4fOJYesb41jio65eaJODRUmfYKhTOFBrIZ66kgvGPlNbjuoRdQ==",
      "requires": {
        "any-observable": "^0.3.0"
      },
      "dependencies": {
        "any-observable": {
          "version": "0.3.0",
          "resolved": "https://registry.npmjs.org/any-observable/-/any-observable-0.3.0.tgz",
          "integrity": "sha512-/FQM1EDkTsf63Ub2C6O7GuYFDsSXUwsaZDurV0np41ocwq0jthUAYCmhBX9f+KwlaCgIuWyr/4WlUQUBfKfZog=="
        }
      }
    },
    "any-observable": {
      "version": "0.5.1",
      "resolved": "https://registry.npmjs.org/any-observable/-/any-observable-0.5.1.tgz",
      "integrity": "sha512-8zv01bgDOp9PTmRTNCAHTw64TFP2rvlX4LvtNJLachaXY+AjmIvLT47fABNPCiIe89hKiSCo2n5zmPqI9CElPA=="
    },
    "camelcase": {
      "version": "4.1.0"
    },
    "csv-parser": {
      "version": "3.0.0",
      "resolved": "https://registry.npmjs.org/csv-parser/-/csv-parser-3.0.0.tgz",
      "integrity": "sha512-s6OYSXAK3IdKqYO33y09jhypG/bSDHPuyCme/IdEHfWpLf/jKcpitVFyOC6UemgGk8v7Q5u2XE0vvwmanxhGlQ==",
      "requires": {
        "minimist": "^1.2.0"
      }
    },
    "infobox-parser": {
      "version": "3.4.1",
      "requires": {
        "camelcase": "^4.1.0"
      }
    },
    "minimist": {
      "version": "1.2.8",
      "resolved": "https://registry.npmjs.org/minimist/-/minimist-1.2.8.tgz",
      "integrity": "sha512-2yyAR8qBkN3YuheJanUpWC5U3bb5osDywNB8RzDVlDwDHbocAJveqqj1u8+SVD7jkWT4yvsHCpWqqWqAxb0zCA=="
    },
    "node-base64-img": {
      "version": "1.0.1",
      "resolved": "https://registry.npmjs.org/node-base64-img/-/node-base64-img-1.0.1.tgz",
      "integrity": "sha512-YzE++WThvbbnflaUzVB0ZhxfqdlAciNYvp3qnTO9yNafEplv8jg0z9aE4/hqeYTK+Oik/tE/a93EbvRM2tTh1g==",
      "requires": {
        "node-fetch": "^2.6.1"
      }
    },
    "node-fetch": {
      "version": "2.6.1"
    },
    "pingman": {
      "version": "1.1.1"
    },
    "wikipedia": {
      "version": "1.0.0",
      "requires": {
        "infobox-parser": "^3.4.1",
        "node-fetch": "^2.6.1"
      }
    }
  }
}
