# THIS IS AN AUTOGENERATED FILE. DO NOT EDIT THIS FILE DIRECTLY.
# yarn lockfile v1


"@samverschueren/stream-to-observable@^0.3.1":
  version "0.3.1"
  resolved "https://registry.yarnpkg.com/@samverschueren/stream-to-observable/-/stream-to-observable-0.3.1.tgz#a21117b19ee9be70c379ec1877537ef2e1c63301"
  integrity sha512-c/qwwcHyafOQuVQJj0IlBjf5yYgBI7YPJ77k4fOJYesb41jio65eaJODRUmfYKhTOFBrIZ66kgvGPlNbjuoRdQ==
  dependencies:
    any-observable "^0.3.0"

any-observable@^0.3.0:
  version "0.3.0"
  resolved "https://registry.yarnpkg.com/any-observable/-/any-observable-0.3.0.tgz#af933475e5806a67d0d7df090dd5e8bef65d119b"
  integrity sha512-/FQM1EDkTsf63Ub2C6O7GuYFDsSXUwsaZDurV0np41ocwq0jthUAYCmhBX9f+KwlaCgIuWyr/4WlUQUBfKfZog==

any-observable@^0.5.1:
  version "0.5.1"
  resolved "https://registry.yarnpkg.com/any-observable/-/any-observable-0.5.1.tgz#ab7d49ff64ebe6dd3ae26760a3f5a881e8db791e"
  integrity sha512-8zv01bgDOp9PTmRTNCAHTw64TFP2rvlX4LvtNJLachaXY+AjmIvLT47fABNPCiIe89hKiSCo2n5zmPqI9CElPA==
