# THIS IS AN AUTOGENERATED FILE. DO NOT EDIT THIS FILE DIRECTLY.
# yarn lockfile v1


"@samverschueren/stream-to-observable@^0.2.1":
  version "0.2.1"
  resolved "https://registry.yarnpkg.com/@samverschueren/stream-to-observable/-/stream-to-observable-0.3.1.tgz#a21117b19ee9be70c379ec1877537ef2e1c63301"
  integrity sha512-c/qwwcHyafOQuVQJj0IlBjf5yYgBI7YPJ77k4fOJYesb41jio65eaJODRUmfYKhTOFBrIZ66kgvGPlNbjuoRdQ==
  dependencies:
    any-observable "^0.3.0"

any-observable@^0.3.0:
  version "0.3.0"
  resolved "https://registry.yarnpkg.com/any-observable/-/any-observable-0.3.0.tgz#af933475e5806a67d0d7df090dd5e8bef65d119b"
  integrity sha512-/FQM1EDkTsf63Ub2C6O7GuYFDsSXUwsaZDurV0np41ocwq0jthUAYCmhBX9f+KwlaCgIuWyr/4WlUQUBfKfZog==

any-observable@^0.5.1:
  version "0.5.1"
  resolved "https://registry.yarnpkg.com/any-observable/-/any-observable-0.5.1.tgz#ab7d49ff64ebe6dd3ae26760a3f5a881e8db791e"
  integrity sha512-8zv01bgDOp9PTmRTNCAHTw64TFP2rvlX4LvtNJLachaXY+AjmIvLT47fABNPCiIe89hKiSCo2n5zmPqI9CElPA==

camelcase@^4.1.0:
  version "4.1.0"
  resolved "https://registry.yarnpkg.com/camelcase/-/camelcase-4.1.0.tgz#d545635be1e33c542649c69173e5de6acfae34dd"
  integrity sha1-1UVjW+HjPFQmScaRc+Xeas+uNN0=

infobox-parser@^3.4.1:
  version "3.4.1"
  resolved "https://registry.yarnpkg.com/infobox-parser/-/infobox-parser-3.4.1.tgz#8c4dede8fce6e2027b817fce732868dde1e1c514"
  integrity sha512-TjpQoCcCs1oO2+8NW9JO/8Fk1r5PbKnifyCCcchNBNi5+FCgO1ZDmIi/SIDE+B4p+b5ItgyCSHjI/BMSDtZvOA==
  dependencies:
    camelcase "^4.1.0"

node-base64-img@^1.0.0:
  version "1.0.1"
  resolved "https://registry.yarnpkg.com/node-base64-img/-/node-base64-img-1.0.1.tgz#4fad267f715b148f3b48889e74943f84779cfe77"
  integrity sha512-YzE++WThvbbnflaUzVB0ZhxfqdlAciNYvp3qnTO9yNafEplv8jg0z9aE4/hqeYTK+Oik/tE/a93EbvRM2tTh1g==
  dependencies:
    node-fetch "^2.6.1"

node-fetch@^2.6.1:
  version "2.6.1"
  resolved "https://registry.yarnpkg.com/node-fetch/-/node-fetch-2.6.1.tgz#045bd323631f76ed2e2b55573394416b639a0052"
  integrity sha512-V4aYg89jEoVRxRb2fJdAg8FHvI7cEyYdVAh94HH0UIK8oJxUfkjlDQN9RbMx+bEjP7+ggMiFRprSti032Oipxw==

wikipedia@^1.0.0:
  version "1.0.1"
  resolved "https://registry.yarnpkg.com/wikipedia/-/wikipedia-1.0.1.tgz#c4b245ce04786670caf69e5f9070a7ed75b38c0a"
  integrity sha512-LzfLtXT5SK/yypueRcXMTJpWbWxb/L8eFZPlXOBzmcpYB452EoIYInvd86WxQUtCQ9Hsnxo07a0SGjfN3A2WDg==
  dependencies:
    infobox-parser "^3.4.1"
    node-fetch "^2.6.1"
